
Microsoft Visual Studio Solution File, Format Version 12.00
# Visual Studio Version 16
VisualStudioVersion = 16.0.31729.503
MinimumVisualStudioVersion = 10.0.40219.1
Project("{FAE04EC0-301F-11D3-BF4B-00C04F79EFBC}") = "AppExercPOOContractWorker", "AppExercPOOContractWorker.csproj", "{79192C33-9D13-4A97-8626-C712F2507E65}"
EndProject
Global
	GlobalSection(SolutionConfigurationPlatforms) = preSolution
		Debug|Any CPU = Debug|Any CPU
		Release|Any CPU = Release|Any CPU
	EndGlobalSection
	GlobalSection(ProjectConfigurationPlatforms) = postSolution
		{79192C33-9D13-4A97-8626-C712F2507E65}.Debug|Any CPU.ActiveCfg = Debug|Any CPU
		{79192C33-9D13-4A97-8626-C712F2507E65}.Debug|Any CPU.Build.0 = Debug|Any CPU
		{79192C33-9D13-4A97-8626-C712F2507E65}.Release|Any CPU.ActiveCfg = Release|Any CPU
		{79192C33-9D13-4A97-8626-C712F2507E65}.Release|Any CPU.Build.0 = Release|Any CPU
	EndGlobalSection
	GlobalSection(SolutionProperties) = preSolution
		HideSolutionNode = FALSE
	EndGlobalSection
	GlobalSection(ExtensibilityGlobals) = postSolution
		SolutionGuid = {92EBD57F-A200-4596-AB57-3C5CA7A70D73}
	EndGlobalSection
EndGlobal
